
Microsoft Visual Studio Solution File, Format Version 12.00
# Visual Studio Version 17
VisualStudioVersion = 17.13.35825.156
MinimumVisualStudioVersion = 10.0.40219.1
Project("{FAE04EC0-301F-11D3-BF4B-00C04F79EFBC}") = "SentinelWebPdfDemo", "SentinelWebPdfDemo\SentinelWebPdfDemo.csproj", "{B0184030-4FD6-401A-877D-59C67AAC7749}"
EndProject
Project("{FAE04EC0-301F-11D3-BF4B-00C04F79EFBC}") = "ConsoleTester", "ConsoleTester\ConsoleTester.csproj", "{DE07501C-FFF8-41D9-B079-96232AC0D935}"
EndProject
Project("{FAE04EC0-301F-11D3-BF4B-00C04F79EFBC}") = "FabToolKit", "..\..\..\My Libraries\FabToolKit\FabToolKit\FabToolKit.csproj", "{C6592144-3F2D-9E8B-7EE0-2BF7E3A35B33}"
EndProject
Global
	GlobalSection(SolutionConfigurationPlatforms) = preSolution
		Debug|Any CPU = Debug|Any CPU
		Release|Any CPU = Release|Any CPU
	EndGlobalSection
	GlobalSection(ProjectConfigurationPlatforms) = postSolution
		{B0184030-4FD6-401A-877D-59C67AAC7749}.Debug|Any CPU.ActiveCfg = Debug|Any CPU
		{B0184030-4FD6-401A-877D-59C67AAC7749}.Debug|Any CPU.Build.0 = Debug|Any CPU
		{B0184030-4FD6-401A-877D-59C67AAC7749}.Release|Any CPU.ActiveCfg = Release|Any CPU
		{B0184030-4FD6-401A-877D-59C67AAC7749}.Release|Any CPU.Build.0 = Release|Any CPU
		{DE07501C-FFF8-41D9-B079-96232AC0D935}.Debug|Any CPU.ActiveCfg = Debug|Any CPU
		{DE07501C-FFF8-41D9-B079-96232AC0D935}.Debug|Any CPU.Build.0 = Debug|Any CPU
		{DE07501C-FFF8-41D9-B079-96232AC0D935}.Release|Any CPU.ActiveCfg = Release|Any CPU
		{DE07501C-FFF8-41D9-B079-96232AC0D935}.Release|Any CPU.Build.0 = Release|Any CPU
		{C6592144-3F2D-9E8B-7EE0-2BF7E3A35B33}.Debug|Any CPU.ActiveCfg = Debug|Any CPU
		{C6592144-3F2D-9E8B-7EE0-2BF7E3A35B33}.Debug|Any CPU.Build.0 = Debug|Any CPU
		{C6592144-3F2D-9E8B-7EE0-2BF7E3A35B33}.Release|Any CPU.ActiveCfg = Release|Any CPU
		{C6592144-3F2D-9E8B-7EE0-2BF7E3A35B33}.Release|Any CPU.Build.0 = Release|Any CPU
	EndGlobalSection
	GlobalSection(SolutionProperties) = preSolution
		HideSolutionNode = FALSE
	EndGlobalSection
	GlobalSection(ExtensibilityGlobals) = postSolution
		SolutionGuid = {D3AA562F-F2DD-46B9-A1CE-60ABAE10379B}
	EndGlobalSection
EndGlobal
